{
  "version": 4,
  "terraform_version": "1.1.3",
  "serial": 17,
  "lineage": "0832da66-b21b-82cf-ee8d-8e095f9e8e21",
  "outputs": {},
  "resources": [
    {
      "module": "module.elastic_beanstalk",
      "mode": "managed",
      "type": "aws_elastic_beanstalk_application",
      "name": "personal-website",
      "provider": "provider[\"registry.terraform.io/hashicorp/aws\"]",
      "instances": [
        {
          "schema_version": 0,
          "attributes": {
            "appversion_lifecycle": [],
            "arn": "arn:aws:elasticbeanstalk:ap-southeast-2:628424066647:application/personal-website",
            "description": "my personal website host",
            "id": "personal-website",
            "name": "personal-website",
            "tags": {},
            "tags_all": {}
          },
          "sensitive_attributes": [],
          "private": "bnVsbA=="
        }
      ]
    },
    {
      "module": "module.elastic_beanstalk",
      "mode": "managed",
      "type": "aws_elastic_beanstalk_environment",
      "name": "personal-website-env",
      "provider": "provider[\"registry.terraform.io/hashicorp/aws\"]",
      "instances": [
        {
          "status": "tainted",
          "schema_version": 1,
          "attributes": {
            "all_settings": [],
            "application": "personal-website",
            "arn": null,
            "autoscaling_groups": null,
            "cname": null,
            "cname_prefix": null,
            "description": null,
            "endpoint_url": null,
            "id": "e-gjpxi3jjbj",
            "instances": null,
            "launch_configurations": null,
            "load_balancers": null,
            "name": "personal-website-env",
            "platform_arn": null,
            "poll_interval": null,
            "queues": null,
            "setting": [],
            "solution_stack_name": "64bit Amazon Linux 2 v5.4.9 running Node.js 14",
            "tags": null,
            "tags_all": null,
            "template_name": null,
            "tier": "WebServer",
            "triggers": null,
            "version_label": null,
            "wait_for_ready_timeout": "20m"
          },
          "sensitive_attributes": [],
          "private": "eyJzY2hlbWFfdmVyc2lvbiI6IjEifQ==",
          "dependencies": [
            "module.elastic_beanstalk.aws_elastic_beanstalk_application.personal-website"
          ]
        }
      ]
    },
    {
      "module": "module.elastic_beanstalk",
      "mode": "managed",
      "type": "aws_elastic_beanstalk_environment",
      "name": "personal_website_env",
      "provider": "provider[\"registry.terraform.io/hashicorp/aws\"]",
      "instances": []
    }
  ]
}
